
Microsoft Visual Studio Solution File, Format Version 12.00
# Visual Studio Version 16
VisualStudioVersion = 16.0.30804.86
MinimumVisualStudioVersion = 10.0.40219.1
Project("{FAE04EC0-301F-11D3-BF4B-00C04F79EFBC}") = "Review Lesson Array,List and Sorting", "Review Lesson Array,List and Sorting\Review Lesson Array,List and Sorting.csproj", "{9D496FFD-BA88-43FD-915B-08E3EB12FF3D}"
EndProject
Global
	GlobalSection(SolutionConfigurationPlatforms) = preSolution
		Debug|Any CPU = Debug|Any CPU
		Release|Any CPU = Release|Any CPU
	EndGlobalSection
	GlobalSection(ProjectConfigurationPlatforms) = postSolution
		{9D496FFD-BA88-43FD-915B-08E3EB12FF3D}.Debug|Any CPU.ActiveCfg = Debug|Any CPU
		{9D496FFD-BA88-43FD-915B-08E3EB12FF3D}.Debug|Any CPU.Build.0 = Debug|Any CPU
		{9D496FFD-BA88-43FD-915B-08E3EB12FF3D}.Release|Any CPU.ActiveCfg = Release|Any CPU
		{9D496FFD-BA88-43FD-915B-08E3EB12FF3D}.Release|Any CPU.Build.0 = Release|Any CPU
	EndGlobalSection
	GlobalSection(SolutionProperties) = preSolution
		HideSolutionNode = FALSE
	EndGlobalSection
	GlobalSection(ExtensibilityGlobals) = postSolution
		SolutionGuid = {882C13DB-53DA-44EF-AA36-7AEB330CF51A}
	EndGlobalSection
EndGlobal
